// !$*UTF8*$!
{
	archiveVersion = 1;
	classes = {
	};
	objectVersion = 56;
	objects = {

/* Begin PBXBuildFile section */
		BA0069AA298436C00044725A /* knomee2App.swift in Sources */ = {isa = PBXBuildFile; fileRef = BA0069A9298436C00044725A /* knomee2App.swift */; };
		BA0069AC298436C00044725A /* ContentView.swift in Sources */ = {isa = PBXBuildFile; fileRef = BA0069AB298436C00044725A /* ContentView.swift */; };
		BA0069AE298436C20044725A /* Assets.xcassets in Resources */ = {isa = PBXBuildFile; fileRef = BA0069AD298436C20044725A /* Assets.xcassets */; };
		BA0069B1298436C20044725A /* Preview Assets.xcassets in Resources */ = {isa = PBXBuildFile; fileRef = BA0069B0298436C20044725A /* Preview Assets.xcassets */; };
		BA0069B3298436C20044725A /* Persistence.swift in Sources */ = {isa = PBXBuildFile; fileRef = BA0069B2298436C20044725A /* Persistence.swift */; };
		BA0069B6298436C20044725A /* knomee2.xcdatamodeld in Sources */ = {isa = PBXBuildFile; fileRef = BA0069B4298436C20044725A /* knomee2.xcdatamodeld */; };
		BA0069C02984375E0044725A /* DictioView.swift in Sources */ = {isa = PBXBuildFile; fileRef = BA0069BF2984375E0044725A /* DictioView.swift */; };
		BA0069C2298437800044725A /* DictioModel.swift in Sources */ = {isa = PBXBuildFile; fileRef = BA0069C1298437800044725A /* DictioModel.swift */; };
		BA0069CC29844E3D0044725A /* SwiftyJSON.swift in Sources */ = {isa = PBXBuildFile; fileRef = BA0069CB29844E3D0044725A /* SwiftyJSON.swift */; };
		BA031E44298959DA003F54A7 /* 13-letter-words.json in Resources */ = {isa = PBXBuildFile; fileRef = BA031E38298959D9003F54A7 /* 13-letter-words.json */; };
		BA031E45298959DA003F54A7 /* 15-letter-words.json in Resources */ = {isa = PBXBuildFile; fileRef = BA031E39298959D9003F54A7 /* 15-letter-words.json */; };
		BA031E46298959DA003F54A7 /* 7-letter-words.json in Resources */ = {isa = PBXBuildFile; fileRef = BA031E3A298959D9003F54A7 /* 7-letter-words.json */; };
		BA031E47298959DA003F54A7 /* 4-letter-words.json in Resources */ = {isa = PBXBuildFile; fileRef = BA031E3B298959DA003F54A7 /* 4-letter-words.json */; };
		BA031E48298959DA003F54A7 /* 6-letter-words.json in Resources */ = {isa = PBXBuildFile; fileRef = BA031E3C298959DA003F54A7 /* 6-letter-words.json */; };
		BA031E49298959DA003F54A7 /* 5-letter-words.json in Resources */ = {isa = PBXBuildFile; fileRef = BA031E3D298959DA003F54A7 /* 5-letter-words.json */; };
		BA031E4A298959DA003F54A7 /* 8-letter-words.json in Resources */ = {isa = PBXBuildFile; fileRef = BA031E3E298959DA003F54A7 /* 8-letter-words.json */; };
		BA031E4B298959DA003F54A7 /* 11-letter-words.json in Resources */ = {isa = PBXBuildFile; fileRef = BA031E3F298959DA003F54A7 /* 11-letter-words.json */; };
		BA031E4C298959DA003F54A7 /* 9-letter-words.json in Resources */ = {isa = PBXBuildFile; fileRef = BA031E40298959DA003F54A7 /* 9-letter-words.json */; };
		BA031E4D298959DA003F54A7 /* 12-letter-words.json in Resources */ = {isa = PBXBuildFile; fileRef = BA031E41298959DA003F54A7 /* 12-letter-words.json */; };
		BA031E4E298959DA003F54A7 /* 10-letter-words.json in Resources */ = {isa = PBXBuildFile; fileRef = BA031E42298959DA003F54A7 /* 10-letter-words.json */; };
		BA031E4F298959DA003F54A7 /* 14-letter-words.json in Resources */ = {isa = PBXBuildFile; fileRef = BA031E43298959DA003F54A7 /* 14-letter-words.json */; };
		BA031E542989B08F003F54A7 /* correct-words.json in Resources */ = {isa = PBXBuildFile; fileRef = BA031E532989B08F003F54A7 /* correct-words.json */; };
		BA031E562989B24F003F54A7 /* correct-words copy.json in Resources */ = {isa = PBXBuildFile; fileRef = BA031E552989B24F003F54A7 /* correct-words copy.json */; };
/* End PBXBuildFile section */

/* Begin PBXFileReference section */
		BA0069A6298436C00044725A /* knomee2.app */ = {isa = PBXFileReference; explicitFileType = wrapper.application; includeInIndex = 0; path = knomee2.app; sourceTree = BUILT_PRODUCTS_DIR; };
		BA0069A9298436C00044725A /* knomee2App.swift */ = {isa = PBXFileReference; lastKnownFileType = sourcecode.swift; path = knomee2App.swift; sourceTree = "<group>"; };
		BA0069AB298436C00044725A /* ContentView.swift */ = {isa = PBXFileReference; lastKnownFileType = sourcecode.swift; path = ContentView.swift; sourceTree = "<group>"; };
		BA0069AD298436C20044725A /* Assets.xcassets */ = {isa = PBXFileReference; lastKnownFileType = folder.assetcatalog; path = Assets.xcassets; sourceTree = "<group>"; };
		BA0069B0298436C20044725A /* Preview Assets.xcassets */ = {isa = PBXFileReference; lastKnownFileType = folder.assetcatalog; path = "Preview Assets.xcassets"; sourceTree = "<group>"; };
		BA0069B2298436C20044725A /* Persistence.swift */ = {isa = PBXFileReference; lastKnownFileType = sourcecode.swift; path = Persistence.swift; sourceTree = "<group>"; };
		BA0069B5298436C20044725A /* knomee2.xcdatamodel */ = {isa = PBXFileReference; lastKnownFileType = wrapper.xcdatamodel; path = knomee2.xcdatamodel; sourceTree = "<group>"; };
		BA0069B7298436C20044725A /* Info.plist */ = {isa = PBXFileReference; lastKnownFileType = text.plist.xml; path = Info.plist; sourceTree = "<group>"; };
		BA0069BF2984375E0044725A /* DictioView.swift */ = {isa = PBXFileReference; lastKnownFileType = sourcecode.swift; path = DictioView.swift; sourceTree = "<group>"; };
		BA0069C1298437800044725A /* DictioModel.swift */ = {isa = PBXFileReference; lastKnownFileType = sourcecode.swift; path = DictioModel.swift; sourceTree = "<group>"; };
		BA0069CB29844E3D0044725A /* SwiftyJSON.swift */ = {isa = PBXFileReference; fileEncoding = 4; lastKnownFileType = sourcecode.swift; path = SwiftyJSON.swift; sourceTree = "<group>"; };
		BA031E38298959D9003F54A7 /* 13-letter-words.json */ = {isa = PBXFileReference; fileEncoding = 4; lastKnownFileType = text.json; path = "13-letter-words.json"; sourceTree = "<group>"; };
		BA031E39298959D9003F54A7 /* 15-letter-words.json */ = {isa = PBXFileReference; fileEncoding = 4; lastKnownFileType = text.json; path = "15-letter-words.json"; sourceTree = "<group>"; };
		BA031E3A298959D9003F54A7 /* 7-letter-words.json */ = {isa = PBXFileReference; fileEncoding = 4; lastKnownFileType = text.json; path = "7-letter-words.json"; sourceTree = "<group>"; };
		BA031E3B298959DA003F54A7 /* 4-letter-words.json */ = {isa = PBXFileReference; fileEncoding = 4; lastKnownFileType = text.json; path = "4-letter-words.json"; sourceTree = "<group>"; };
		BA031E3C298959DA003F54A7 /* 6-letter-words.json */ = {isa = PBXFileReference; fileEncoding = 4; lastKnownFileType = text.json; path = "6-letter-words.json"; sourceTree = "<group>"; };
		BA031E3D298959DA003F54A7 /* 5-letter-words.json */ = {isa = PBXFileReference; fileEncoding = 4; lastKnownFileType = text.json; path = "5-letter-words.json"; sourceTree = "<group>"; };
		BA031E3E298959DA003F54A7 /* 8-letter-words.json */ = {isa = PBXFileReference; fileEncoding = 4; lastKnownFileType = text.json; path = "8-letter-words.json"; sourceTree = "<group>"; };
		BA031E3F298959DA003F54A7 /* 11-letter-words.json */ = {isa = PBXFileReference; fileEncoding = 4; lastKnownFileType = text.json; path = "11-letter-words.json"; sourceTree = "<group>"; };
		BA031E40298959DA003F54A7 /* 9-letter-words.json */ = {isa = PBXFileReference; fileEncoding = 4; lastKnownFileType = text.json; path = "9-letter-words.json"; sourceTree = "<group>"; };
		BA031E41298959DA003F54A7 /* 12-letter-words.json */ = {isa = PBXFileReference; fileEncoding = 4; lastKnownFileType = text.json; path = "12-letter-words.json"; sourceTree = "<group>"; };
		BA031E42298959DA003F54A7 /* 10-letter-words.json */ = {isa = PBXFileReference; fileEncoding = 4; lastKnownFileType = text.json; path = "10-letter-words.json"; sourceTree = "<group>"; };
		BA031E43298959DA003F54A7 /* 14-letter-words.json */ = {isa = PBXFileReference; fileEncoding = 4; lastKnownFileType = text.json; path = "14-letter-words.json"; sourceTree = "<group>"; };
		BA031E532989B08F003F54A7 /* correct-words.json */ = {isa = PBXFileReference; fileEncoding = 4; lastKnownFileType = text.json; path = "correct-words.json"; sourceTree = "<group>"; };
		BA031E552989B24F003F54A7 /* correct-words copy.json */ = {isa = PBXFileReference; fileEncoding = 4; lastKnownFileType = text.json; path = "correct-words copy.json"; sourceTree = "<group>"; };
/* End PBXFileReference section */

/* Begin PBXFrameworksBuildPhase section */
		BA0069A3298436C00044725A /* Frameworks */ = {
			isa = PBXFrameworksBuildPhase;
			buildActionMask = 2147483647;
			files = (
			);
			runOnlyForDeploymentPostprocessing = 0;
		};
/* End PBXFrameworksBuildPhase section */

/* Begin PBXGroup section */
		BA00699D298436C00044725A = {
			isa = PBXGroup;
			children = (
				BA0069A8298436C00044725A /* knomee2 */,
				BA0069A7298436C00044725A /* Products */,
			);
			sourceTree = "<group>";
		};
		BA0069A7298436C00044725A /* Products */ = {
			isa = PBXGroup;
			children = (
				BA0069A6298436C00044725A /* knomee2.app */,
			);
			name = Products;
			sourceTree = "<group>";
		};
		BA0069A8298436C00044725A /* knomee2 */ = {
			isa = PBXGroup;
			children = (
				BA0069A9298436C00044725A /* knomee2App.swift */,
				BA0069AB298436C00044725A /* ContentView.swift */,
				BA0069BF2984375E0044725A /* DictioView.swift */,
				BA0069C1298437800044725A /* DictioModel.swift */,
				BA031E5129897718003F54A7 /* Guessing words */,
				BA031E50298959E0003F54A7 /* dictionary words */,
				BA0069AD298436C20044725A /* Assets.xcassets */,
				BA0069CB29844E3D0044725A /* SwiftyJSON.swift */,
				BA0069B2298436C20044725A /* Persistence.swift */,
				BA0069B7298436C20044725A /* Info.plist */,
				BA0069B4298436C20044725A /* knomee2.xcdatamodeld */,
				BA0069AF298436C20044725A /* Preview Content */,
			);
			path = knomee2;
			sourceTree = "<group>";
		};
		BA0069AF298436C20044725A /* Preview Content */ = {
			isa = PBXGroup;
			children = (
				BA0069B0298436C20044725A /* Preview Assets.xcassets */,
			);
			path = "Preview Content";
			sourceTree = "<group>";
		};
		BA031E50298959E0003F54A7 /* dictionary words */ = {
			isa = PBXGroup;
			children = (
				BA031E3B298959DA003F54A7 /* 4-letter-words.json */,
				BA031E3D298959DA003F54A7 /* 5-letter-words.json */,
				BA031E3C298959DA003F54A7 /* 6-letter-words.json */,
				BA031E3A298959D9003F54A7 /* 7-letter-words.json */,
				BA031E3E298959DA003F54A7 /* 8-letter-words.json */,
				BA031E40298959DA003F54A7 /* 9-letter-words.json */,
				BA031E42298959DA003F54A7 /* 10-letter-words.json */,
				BA031E3F298959DA003F54A7 /* 11-letter-words.json */,
				BA031E41298959DA003F54A7 /* 12-letter-words.json */,
				BA031E38298959D9003F54A7 /* 13-letter-words.json */,
				BA031E43298959DA003F54A7 /* 14-letter-words.json */,
				BA031E39298959D9003F54A7 /* 15-letter-words.json */,
			);
			path = "dictionary words";
			sourceTree = "<group>";
		};
		BA031E5129897718003F54A7 /* Guessing words */ = {
			isa = PBXGroup;
			children = (
				BA031E532989B08F003F54A7 /* correct-words.json */,
				BA031E552989B24F003F54A7 /* correct-words copy.json */,
			);
			path = "Guessing words";
			sourceTree = "<group>";
		};
/* End PBXGroup section */

/* Begin PBXNativeTarget section */
		BA0069A5298436C00044725A /* knomee2 */ = {
			isa = PBXNativeTarget;
			buildConfigurationList = BA0069BA298436C20044725A /* Build configuration list for PBXNativeTarget "knomee2" */;
			buildPhases = (
				BA0069A2298436C00044725A /* Sources */,
				BA0069A3298436C00044725A /* Frameworks */,
				BA0069A4298436C00044725A /* Resources */,
			);
			buildRules = (
			);
			dependencies = (
			);
			name = knomee2;
			productName = knomee2;
			productReference = BA0069A6298436C00044725A /* knomee2.app */;
			productType = "com.apple.product-type.application";
		};
/* End PBXNativeTarget section */

/* Begin PBXProject section */
		BA00699E298436C00044725A /* Project object */ = {
			isa = PBXProject;
			attributes = {
				BuildIndependentTargetsInParallel = 1;
				LastSwiftUpdateCheck = 1420;
				LastUpgradeCheck = 1420;
				TargetAttributes = {
					BA0069A5298436C00044725A = {
						CreatedOnToolsVersion = 14.2;
					};
				};
			};
			buildConfigurationList = BA0069A1298436C00044725A /* Build configuration list for PBXProject "knomee2" */;
			compatibilityVersion = "Xcode 14.0";
			developmentRegion = en;
			hasScannedForEncodings = 0;
			knownRegions = (
				en,
				Base,
			);
			mainGroup = BA00699D298436C00044725A;
			productRefGroup = BA0069A7298436C00044725A /* Products */;
			projectDirPath = "";
			projectRoot = "";
			targets = (
				BA0069A5298436C00044725A /* knomee2 */,
			);
		};
/* End PBXProject section */

/* Begin PBXResourcesBuildPhase section */
		BA0069A4298436C00044725A /* Resources */ = {
			isa = PBXResourcesBuildPhase;
			buildActionMask = 2147483647;
			files = (
				BA031E47298959DA003F54A7 /* 4-letter-words.json in Resources */,
				BA031E49298959DA003F54A7 /* 5-letter-words.json in Resources */,
				BA0069B1298436C20044725A /* Preview Assets.xcassets in Resources */,
				BA031E4B298959DA003F54A7 /* 11-letter-words.json in Resources */,
				BA031E4E298959DA003F54A7 /* 10-letter-words.json in Resources */,
				BA031E4A298959DA003F54A7 /* 8-letter-words.json in Resources */,
				BA031E45298959DA003F54A7 /* 15-letter-words.json in Resources */,
				BA031E46298959DA003F54A7 /* 7-letter-words.json in Resources */,
				BA031E562989B24F003F54A7 /* correct-words copy.json in Resources */,
				BA031E542989B08F003F54A7 /* correct-words.json in Resources */,
				BA031E4F298959DA003F54A7 /* 14-letter-words.json in Resources */,
				BA0069AE298436C20044725A /* Assets.xcassets in Resources */,
				BA031E44298959DA003F54A7 /* 13-letter-words.json in Resources */,
				BA031E4C298959DA003F54A7 /* 9-letter-words.json in Resources */,
				BA031E4D298959DA003F54A7 /* 12-letter-words.json in Resources */,
				BA031E48298959DA003F54A7 /* 6-letter-words.json in Resources */,
			);
			runOnlyForDeploymentPostprocessing = 0;
		};
/* End PBXResourcesBuildPhase section */

/* Begin PBXSourcesBuildPhase section */
		BA0069A2298436C00044725A /* Sources */ = {
			isa = PBXSourcesBuildPhase;
			buildActionMask = 2147483647;
			files = (
				BA0069B3298436C20044725A /* Persistence.swift in Sources */,
				BA0069C02984375E0044725A /* DictioView.swift in Sources */,
				BA0069B6298436C20044725A /* knomee2.xcdatamodeld in Sources */,
				BA0069AC298436C00044725A /* ContentView.swift in Sources */,
				BA0069AA298436C00044725A /* knomee2App.swift in Sources */,
				BA0069CC29844E3D0044725A /* SwiftyJSON.swift in Sources */,
				BA0069C2298437800044725A /* DictioModel.swift in Sources */,
			);
			runOnlyForDeploymentPostprocessing = 0;
		};
/* End PBXSourcesBuildPhase section */

/* Begin XCBuildConfiguration section */
		BA0069B8298436C20044725A /* Debug */ = {
			isa = XCBuildConfiguration;
			buildSettings = {
				ALWAYS_SEARCH_USER_PATHS = NO;
				CLANG_ANALYZER_NONNULL = YES;
				CLANG_ANALYZER_NUMBER_OBJECT_CONVERSION = YES_AGGRESSIVE;
				CLANG_CXX_LANGUAGE_STANDARD = "gnu++20";
				CLANG_ENABLE_MODULES = YES;
				CLANG_ENABLE_OBJC_ARC = YES;
				CLANG_ENABLE_OBJC_WEAK = YES;
				CLANG_WARN_BLOCK_CAPTURE_AUTORELEASING = YES;
				CLANG_WARN_BOOL_CONVERSION = YES;
				CLANG_WARN_COMMA = YES;
				CLANG_WARN_CONSTANT_CONVERSION = YES;
				CLANG_WARN_DEPRECATED_OBJC_IMPLEMENTATIONS = YES;
				CLANG_WARN_DIRECT_OBJC_ISA_USAGE = YES_ERROR;
				CLANG_WARN_DOCUMENTATION_COMMENTS = YES;
				CLANG_WARN_EMPTY_BODY = YES;
				CLANG_WARN_ENUM_CONVERSION = YES;
				CLANG_WARN_INFINITE_RECURSION = YES;
				CLANG_WARN_INT_CONVERSION = YES;
				CLANG_WARN_NON_LITERAL_NULL_CONVERSION = YES;
				CLANG_WARN_OBJC_IMPLICIT_RETAIN_SELF = YES;
				CLANG_WARN_OBJC_LITERAL_CONVERSION = YES;
				CLANG_WARN_OBJC_ROOT_CLASS = YES_ERROR;
				CLANG_WARN_QUOTED_INCLUDE_IN_FRAMEWORK_HEADER = YES;
				CLANG_WARN_RANGE_LOOP_ANALYSIS = YES;
				CLANG_WARN_STRICT_PROTOTYPES = YES;
				CLANG_WARN_SUSPICIOUS_MOVE = YES;
				CLANG_WARN_UNGUARDED_AVAILABILITY = YES_AGGRESSIVE;
				CLANG_WARN_UNREACHABLE_CODE = YES;
				CLANG_WARN__DUPLICATE_METHOD_MATCH = YES;
				COPY_PHASE_STRIP = NO;
				DEBUG_INFORMATION_FORMAT = dwarf;
				ENABLE_STRICT_OBJC_MSGSEND = YES;
				ENABLE_TESTABILITY = YES;
				GCC_C_LANGUAGE_STANDARD = gnu11;
				GCC_DYNAMIC_NO_PIC = NO;
				GCC_NO_COMMON_BLOCKS = YES;
				GCC_OPTIMIZATION_LEVEL = 0;
				GCC_PREPROCESSOR_DEFINITIONS = (
					"DEBUG=1",
					"$(inherited)",
				);
				GCC_WARN_64_TO_32_BIT_CONVERSION = YES;
				GCC_WARN_ABOUT_RETURN_TYPE = YES_ERROR;
				GCC_WARN_UNDECLARED_SELECTOR = YES;
				GCC_WARN_UNINITIALIZED_AUTOS = YES_AGGRESSIVE;
				GCC_WARN_UNUSED_FUNCTION = YES;
				GCC_WARN_UNUSED_VARIABLE = YES;
				IPHONEOS_DEPLOYMENT_TARGET = 16.2;
				MTL_ENABLE_DEBUG_INFO = INCLUDE_SOURCE;
				MTL_FAST_MATH = YES;
				ONLY_ACTIVE_ARCH = YES;
				SDKROOT = iphoneos;
				SWIFT_ACTIVE_COMPILATION_CONDITIONS = DEBUG;
				SWIFT_OPTIMIZATION_LEVEL = "-Onone";
			};
			name = Debug;
		};
		BA0069B9298436C20044725A /* Release */ = {
			isa = XCBuildConfiguration;
			buildSettings = {
				ALWAYS_SEARCH_USER_PATHS = NO;
				CLANG_ANALYZER_NONNULL = YES;
				CLANG_ANALYZER_NUMBER_OBJECT_CONVERSION = YES_AGGRESSIVE;
				CLANG_CXX_LANGUAGE_STANDARD = "gnu++20";
				CLANG_ENABLE_MODULES = YES;
				CLANG_ENABLE_OBJC_ARC = YES;
				CLANG_ENABLE_OBJC_WEAK = YES;
				CLANG_WARN_BLOCK_CAPTURE_AUTORELEASING = YES;
				CLANG_WARN_BOOL_CONVERSION = YES;
				CLANG_WARN_COMMA = YES;
				CLANG_WARN_CONSTANT_CONVERSION = YES;
				CLANG_WARN_DEPRECATED_OBJC_IMPLEMENTATIONS = YES;
				CLANG_WARN_DIRECT_OBJC_ISA_USAGE = YES_ERROR;
				CLANG_WARN_DOCUMENTATION_COMMENTS = YES;
				CLANG_WARN_EMPTY_BODY = YES;
				CLANG_WARN_ENUM_CONVERSION = YES;
				CLANG_WARN_INFINITE_RECURSION = YES;
				CLANG_WARN_INT_CONVERSION = YES;
				CLANG_WARN_NON_LITERAL_NULL_CONVERSION = YES;
				CLANG_WARN_OBJC_IMPLICIT_RETAIN_SELF = YES;
				CLANG_WARN_OBJC_LITERAL_CONVERSION = YES;
				CLANG_WARN_OBJC_ROOT_CLASS = YES_ERROR;
				CLANG_WARN_QUOTED_INCLUDE_IN_FRAMEWORK_HEADER = YES;
				CLANG_WARN_RANGE_LOOP_ANALYSIS = YES;
				CLANG_WARN_STRICT_PROTOTYPES = YES;
				CLANG_WARN_SUSPICIOUS_MOVE = YES;
				CLANG_WARN_UNGUARDED_AVAILABILITY = YES_AGGRESSIVE;
				CLANG_WARN_UNREACHABLE_CODE = YES;
				CLANG_WARN__DUPLICATE_METHOD_MATCH = YES;
				COPY_PHASE_STRIP = NO;
				DEBUG_INFORMATION_FORMAT = "dwarf-with-dsym";
				ENABLE_NS_ASSERTIONS = NO;
				ENABLE_STRICT_OBJC_MSGSEND = YES;
				GCC_C_LANGUAGE_STANDARD = gnu11;
				GCC_NO_COMMON_BLOCKS = YES;
				GCC_WARN_64_TO_32_BIT_CONVERSION = YES;
				GCC_WARN_ABOUT_RETURN_TYPE = YES_ERROR;
				GCC_WARN_UNDECLARED_SELECTOR = YES;
				GCC_WARN_UNINITIALIZED_AUTOS = YES_AGGRESSIVE;
				GCC_WARN_UNUSED_FUNCTION = YES;
				GCC_WARN_UNUSED_VARIABLE = YES;
				IPHONEOS_DEPLOYMENT_TARGET = 16.2;
				MTL_ENABLE_DEBUG_INFO = NO;
				MTL_FAST_MATH = YES;
				SDKROOT = iphoneos;
				SWIFT_COMPILATION_MODE = wholemodule;
				SWIFT_OPTIMIZATION_LEVEL = "-O";
				VALIDATE_PRODUCT = YES;
			};
			name = Release;
		};
		BA0069BB298436C20044725A /* Debug */ = {
			isa = XCBuildConfiguration;
			buildSettings = {
				ASSETCATALOG_COMPILER_APPICON_NAME = AppIcon;
				ASSETCATALOG_COMPILER_GLOBAL_ACCENT_COLOR_NAME = AccentColor;
				CODE_SIGN_STYLE = Automatic;
				CURRENT_PROJECT_VERSION = 1;
				DEVELOPMENT_ASSET_PATHS = "\"knomee2/Preview Content\"";
				DEVELOPMENT_TEAM = 42JRT5DE2Z;
				ENABLE_PREVIEWS = YES;
				GENERATE_INFOPLIST_FILE = YES;
				INFOPLIST_KEY_UIApplicationSceneManifest_Generation = YES;
				INFOPLIST_KEY_UIApplicationSupportsIndirectInputEvents = YES;
				INFOPLIST_KEY_UILaunchScreen_Generation = YES;
				INFOPLIST_KEY_UISupportedInterfaceOrientations_iPad = "UIInterfaceOrientationPortrait UIInterfaceOrientationPortraitUpsideDown UIInterfaceOrientationLandscapeLeft UIInterfaceOrientationLandscapeRight";
				INFOPLIST_KEY_UISupportedInterfaceOrientations_iPhone = "UIInterfaceOrientationPortrait UIInterfaceOrientationLandscapeLeft UIInterfaceOrientationLandscapeRight";
				LD_RUNPATH_SEARCH_PATHS = (
					"$(inherited)",
					"@executable_path/Frameworks",
				);
				MARKETING_VERSION = 1.0;
				PRODUCT_BUNDLE_IDENTIFIER = co.uk.fionakate.knomee2;
				PRODUCT_NAME = "$(TARGET_NAME)";
				SWIFT_EMIT_LOC_STRINGS = YES;
				SWIFT_VERSION = 5.0;
				TARGETED_DEVICE_FAMILY = "1,2";
			};
			name = Debug;
		};
		BA0069BC298436C20044725A /* Release */ = {
			isa = XCBuildConfiguration;
			buildSettings = {
				ASSETCATALOG_COMPILER_APPICON_NAME = AppIcon;
				ASSETCATALOG_COMPILER_GLOBAL_ACCENT_COLOR_NAME = AccentColor;
				CODE_SIGN_STYLE = Automatic;
				CURRENT_PROJECT_VERSION = 1;
				DEVELOPMENT_ASSET_PATHS = "\"knomee2/Preview Content\"";
				DEVELOPMENT_TEAM = 42JRT5DE2Z;
				ENABLE_PREVIEWS = YES;
				GENERATE_INFOPLIST_FILE = YES;
				INFOPLIST_KEY_UIApplicationSceneManifest_Generation = YES;
				INFOPLIST_KEY_UIApplicationSupportsIndirectInputEvents = YES;
				INFOPLIST_KEY_UILaunchScreen_Generation = YES;
				INFOPLIST_KEY_UISupportedInterfaceOrientations_iPad = "UIInterfaceOrientationPortrait UIInterfaceOrientationPortraitUpsideDown UIInterfaceOrientationLandscapeLeft UIInterfaceOrientationLandscapeRight";
				INFOPLIST_KEY_UISupportedInterfaceOrientations_iPhone = "UIInterfaceOrientationPortrait UIInterfaceOrientationLandscapeLeft UIInterfaceOrientationLandscapeRight";
				LD_RUNPATH_SEARCH_PATHS = (
					"$(inherited)",
					"@executable_path/Frameworks",
				);
				MARKETING_VERSION = 1.0;
				PRODUCT_BUNDLE_IDENTIFIER = co.uk.fionakate.knomee2;
				PRODUCT_NAME = "$(TARGET_NAME)";
				SWIFT_EMIT_LOC_STRINGS = YES;
				SWIFT_VERSION = 5.0;
				TARGETED_DEVICE_FAMILY = "1,2";
			};
			name = Release;
		};
/* End XCBuildConfiguration section */

/* Begin XCConfigurationList section */
		BA0069A1298436C00044725A /* Build configuration list for PBXProject "knomee2" */ = {
			isa = XCConfigurationList;
			buildConfigurations = (
				BA0069B8298436C20044725A /* Debug */,
				BA0069B9298436C20044725A /* Release */,
			);
			defaultConfigurationIsVisible = 0;
			defaultConfigurationName = Release;
		};
		BA0069BA298436C20044725A /* Build configuration list for PBXNativeTarget "knomee2" */ = {
			isa = XCConfigurationList;
			buildConfigurations = (
				BA0069BB298436C20044725A /* Debug */,
				BA0069BC298436C20044725A /* Release */,
			);
			defaultConfigurationIsVisible = 0;
			defaultConfigurationName = Release;
		};
/* End XCConfigurationList section */

/* Begin XCVersionGroup section */
		BA0069B4298436C20044725A /* knomee2.xcdatamodeld */ = {
			isa = XCVersionGroup;
			children = (
				BA0069B5298436C20044725A /* knomee2.xcdatamodel */,
			);
			currentVersion = BA0069B5298436C20044725A /* knomee2.xcdatamodel */;
			path = knomee2.xcdatamodeld;
			sourceTree = "<group>";
			versionGroupType = wrapper.xcdatamodel;
		};
/* End XCVersionGroup section */
	};
	rootObject = BA00699E298436C00044725A /* Project object */;
}
